
Microsoft Visual Studio Solution File, Format Version 12.00
# Visual Studio Version 17
VisualStudioVersion = 17.11.35303.130
MinimumVisualStudioVersion = 10.0.40219.1
Project("{FAE04EC0-301F-11D3-BF4B-00C04F79EFBC}") = "Adilob.Benchmarks", "Adilob.Benchmarks\Adilob.Benchmarks.csproj", "{AA008064-C564-492B-B69A-E99160ED4F37}"
EndProject
Global
	GlobalSection(SolutionConfigurationPlatforms) = preSolution
		Debug|Any CPU = Debug|Any CPU
		Release|Any CPU = Release|Any CPU
	EndGlobalSection
	GlobalSection(ProjectConfigurationPlatforms) = postSolution
		{AA008064-C564-492B-B69A-E99160ED4F37}.Debug|Any CPU.ActiveCfg = Debug|Any CPU
		{AA008064-C564-492B-B69A-E99160ED4F37}.Debug|Any CPU.Build.0 = Debug|Any CPU
		{AA008064-C564-492B-B69A-E99160ED4F37}.Release|Any CPU.ActiveCfg = Release|Any CPU
		{AA008064-C564-492B-B69A-E99160ED4F37}.Release|Any CPU.Build.0 = Release|Any CPU
	EndGlobalSection
	GlobalSection(SolutionProperties) = preSolution
		HideSolutionNode = FALSE
	EndGlobalSection
	GlobalSection(ExtensibilityGlobals) = postSolution
		SolutionGuid = {53D3B7C3-D38B-41CC-BC06-9FE68FFD7945}
	EndGlobalSection
EndGlobal
